PODS:
  - FlutterMacOS (1.0.0)
  - path_provider_foundation (0.0.1):
    - Flutter
    - FlutterMacOS
  - synergy_client_flutter (0.0.1):
    - FlutterMacOS

DEPENDENCIES:
  - FlutterMacOS (from `Flutter/ephemeral`)
  - path_provider_foundation (from `Flutter/ephemeral/.symlinks/plugins/path_provider_foundation/darwin`)
  - synergy_client_flutter (from `Flutter/ephemeral/.symlinks/plugins/synergy_client_flutter/macos`)

EXTERNAL SOURCES:
  FlutterMacOS:
    :path: Flutter/ephemeral
  path_provider_foundation:
    :path: Flutter/ephemeral/.symlinks/plugins/path_provider_foundation/darwin
  synergy_client_flutter:
    :path: Flutter/ephemeral/.symlinks/plugins/synergy_client_flutter/macos

SPEC CHECKSUMS:
  FlutterMacOS: 8f6f14fa908a6fb3fba0cd85dbd81ec4b251fb24
  path_provider_foundation: 3784922295ac71e43754bd15e0653ccfd36a147c
  synergy_client_flutter: 006105959df6560bd2ee2e4547cf7b1e4aa0c3e5

PODFILE CHECKSUM: 236401fc2c932af29a9fcf0e97baeeb2d750d367

COCOAPODS: 1.15.2
